
Microsoft Visual Studio Solution File, Format Version 12.00
Project("{FAE04EC0-301F-11D3-BF4B-00C04F79EFBC}") = "Server", "Server\Server.csproj", "{3957335E-C30C-4469-892A-6D8CD5A6DE3A}"
EndProject
Project("{FAE04EC0-301F-11D3-BF4B-00C04F79EFBC}") = "Client", "Client\Client.csproj", "{2A2F5611-5DAB-477F-9FA3-CFC156B50348}"
EndProject
Project("{FAE04EC0-301F-11D3-BF4B-00C04F79EFBC}") = "Tests", "Tests\Tests.csproj", "{D8C8EA8F-3934-4223-80B3-BD40B4A91BB4}"
EndProject
Global
	GlobalSection(SolutionConfigurationPlatforms) = preSolution
		Debug|Any CPU = Debug|Any CPU
		Release|Any CPU = Release|Any CPU
	EndGlobalSection
	GlobalSection(ProjectConfigurationPlatforms) = postSolution
		{3957335E-C30C-4469-892A-6D8CD5A6DE3A}.Debug|Any CPU.ActiveCfg = Debug|Any CPU
		{3957335E-C30C-4469-892A-6D8CD5A6DE3A}.Debug|Any CPU.Build.0 = Debug|Any CPU
		{3957335E-C30C-4469-892A-6D8CD5A6DE3A}.Release|Any CPU.ActiveCfg = Release|Any CPU
		{3957335E-C30C-4469-892A-6D8CD5A6DE3A}.Release|Any CPU.Build.0 = Release|Any CPU
		{2A2F5611-5DAB-477F-9FA3-CFC156B50348}.Debug|Any CPU.ActiveCfg = Debug|Any CPU
		{2A2F5611-5DAB-477F-9FA3-CFC156B50348}.Debug|Any CPU.Build.0 = Debug|Any CPU
		{2A2F5611-5DAB-477F-9FA3-CFC156B50348}.Release|Any CPU.ActiveCfg = Release|Any CPU
		{2A2F5611-5DAB-477F-9FA3-CFC156B50348}.Release|Any CPU.Build.0 = Release|Any CPU
		{D8C8EA8F-3934-4223-80B3-BD40B4A91BB4}.Debug|Any CPU.ActiveCfg = Debug|Any CPU
		{D8C8EA8F-3934-4223-80B3-BD40B4A91BB4}.Debug|Any CPU.Build.0 = Debug|Any CPU
		{D8C8EA8F-3934-4223-80B3-BD40B4A91BB4}.Release|Any CPU.ActiveCfg = Release|Any CPU
		{D8C8EA8F-3934-4223-80B3-BD40B4A91BB4}.Release|Any CPU.Build.0 = Release|Any CPU
	EndGlobalSection
EndGlobal
